
Microsoft Visual Studio Solution File, Format Version 12.00
# Visual Studio 15
VisualStudioVersion = 15.0.28307.421
MinimumVisualStudioVersion = 10.0.40219.1
Project("{9A19103F-16F7-4668-BE54-9A1E7A4F7556}") = "DllIncludesPdbInformation", "DllIncludesPdbInformation\DllIncludesPdbInformation.csproj", "{DAC0377E-88C9-47B5-947D-68372BE46B58}"
EndProject
Project("{FAE04EC0-301F-11D3-BF4B-00C04F79EFBC}") = "DllWithPortableDebuggingInformation", "DllWithPortableDebuggingInformation\DllWithPortableDebuggingInformation.csproj", "{88930A24-B716-47E7-AA45-D5B8B4DFD9F2}"
EndProject
Global
	GlobalSection(SolutionConfigurationPlatforms) = preSolution
		Debug|Any CPU = Debug|Any CPU
		Release|Any CPU = Release|Any CPU
	EndGlobalSection
	GlobalSection(ProjectConfigurationPlatforms) = postSolution
		{DAC0377E-88C9-47B5-947D-68372BE46B58}.Debug|Any CPU.ActiveCfg = Debug|Any CPU
		{DAC0377E-88C9-47B5-947D-68372BE46B58}.Debug|Any CPU.Build.0 = Debug|Any CPU
		{DAC0377E-88C9-47B5-947D-68372BE46B58}.Release|Any CPU.ActiveCfg = Release|Any CPU
		{DAC0377E-88C9-47B5-947D-68372BE46B58}.Release|Any CPU.Build.0 = Release|Any CPU
		{88930A24-B716-47E7-AA45-D5B8B4DFD9F2}.Debug|Any CPU.ActiveCfg = Debug|Any CPU
		{88930A24-B716-47E7-AA45-D5B8B4DFD9F2}.Debug|Any CPU.Build.0 = Debug|Any CPU
		{88930A24-B716-47E7-AA45-D5B8B4DFD9F2}.Release|Any CPU.ActiveCfg = Release|Any CPU
		{88930A24-B716-47E7-AA45-D5B8B4DFD9F2}.Release|Any CPU.Build.0 = Release|Any CPU
	EndGlobalSection
	GlobalSection(SolutionProperties) = preSolution
		HideSolutionNode = FALSE
	EndGlobalSection
	GlobalSection(ExtensibilityGlobals) = postSolution
		SolutionGuid = {70F0C199-9BDE-4218-BAD4-2DEB4DDD65FB}
	EndGlobalSection
EndGlobal
