
Microsoft Visual Studio Solution File, Format Version 12.00
# Visual Studio 15
VisualStudioVersion = 15.0.28307.421
MinimumVisualStudioVersion = 10.0.40219.1
Project("{FAE04EC0-301F-11D3-BF4B-00C04F79EFBC}") = "WrongAssemblyLoaded", "WrongAssemblyLoaded\WrongAssemblyLoaded.csproj", "{82497831-B5B3-40C2-9C95-4304C28E3BEA}"
EndProject
Global
	GlobalSection(SolutionConfigurationPlatforms) = preSolution
		Debug|Any CPU = Debug|Any CPU
		Release|Any CPU = Release|Any CPU
	EndGlobalSection
	GlobalSection(ProjectConfigurationPlatforms) = postSolution
		{82497831-B5B3-40C2-9C95-4304C28E3BEA}.Debug|Any CPU.ActiveCfg = Debug|Any CPU
		{82497831-B5B3-40C2-9C95-4304C28E3BEA}.Debug|Any CPU.Build.0 = Debug|Any CPU
		{82497831-B5B3-40C2-9C95-4304C28E3BEA}.Release|Any CPU.ActiveCfg = Release|Any CPU
		{82497831-B5B3-40C2-9C95-4304C28E3BEA}.Release|Any CPU.Build.0 = Release|Any CPU
	EndGlobalSection
	GlobalSection(SolutionProperties) = preSolution
		HideSolutionNode = FALSE
	EndGlobalSection
	GlobalSection(ExtensibilityGlobals) = postSolution
		SolutionGuid = {9335A3FC-9EBA-430D-B2F6-3A6FE71D6144}
	EndGlobalSection
EndGlobal
